
Microsoft Visual Studio Solution File, Format Version 12.00
# Visual Studio Version 17
VisualStudioVersion = 17.2.32516.85
MinimumVisualStudioVersion = 10.0.40219.1
Project("{FAE04EC0-301F-11D3-BF4B-00C04F79EFBC}") = "GruppeOppgave", "GruppeOppgave\GruppeOppgave.csproj", "{593A10E1-89E7-4876-A0D0-08E91F7D637C}"
EndProject
Global
	GlobalSection(SolutionConfigurationPlatforms) = preSolution
		Debug|Any CPU = Debug|Any CPU
		Release|Any CPU = Release|Any CPU
	EndGlobalSection
	GlobalSection(ProjectConfigurationPlatforms) = postSolution
		{593A10E1-89E7-4876-A0D0-08E91F7D637C}.Debug|Any CPU.ActiveCfg = Debug|Any CPU
		{593A10E1-89E7-4876-A0D0-08E91F7D637C}.Debug|Any CPU.Build.0 = Debug|Any CPU
		{593A10E1-89E7-4876-A0D0-08E91F7D637C}.Release|Any CPU.ActiveCfg = Release|Any CPU
		{593A10E1-89E7-4876-A0D0-08E91F7D637C}.Release|Any CPU.Build.0 = Release|Any CPU
	EndGlobalSection
	GlobalSection(SolutionProperties) = preSolution
		HideSolutionNode = FALSE
	EndGlobalSection
	GlobalSection(ExtensibilityGlobals) = postSolution
		SolutionGuid = {564EDAC4-DFBD-496C-9BE0-77780A01F5FA}
	EndGlobalSection
EndGlobal
